
Microsoft Visual Studio Solution File, Format Version 12.00
Project("{FAE04EC0-301F-11D3-BF4B-00C04F79EFBC}") = "WebApplication1", "WebApplication1\WebApplication1.csproj", "{48359736-99B4-4725-8D58-EDEFEFEA45B0}"
EndProject
Project("{FAE04EC0-301F-11D3-BF4B-00C04F79EFBC}") = "WebApplication2", "WebApplication2\WebApplication2.csproj", "{FFE4D94C-D1E0-4ECA-828E-82D221FE8E10}"
EndProject
Project("{FAE04EC0-301F-11D3-BF4B-00C04F79EFBC}") = "Common", "Common\Common.csproj", "{DC69043E-8381-4660-8127-A3303A35E530}"
EndProject
Project("{2150E333-8FDC-42A3-9474-1A3956D46DE8}") = "SolutionFolder", "SolutionFolder", "{729EC3CA-6B2D-4634-92DB-D61A7F4F832B}"
	ProjectSection(SolutionItems) = preProject
		Readme.md = Readme.md
	EndProjectSection
EndProject
Global
	GlobalSection(SolutionConfigurationPlatforms) = preSolution
		Release|Any CPU = Release|Any CPU
		Development|Any CPU = Development|Any CPU
	EndGlobalSection
	GlobalSection(ProjectConfigurationPlatforms) = postSolution
		{48359736-99B4-4725-8D58-EDEFEFEA45B0}.Release|Any CPU.ActiveCfg = Release|Any CPU
		{48359736-99B4-4725-8D58-EDEFEFEA45B0}.Release|Any CPU.Build.0 = Release|Any CPU
		{48359736-99B4-4725-8D58-EDEFEFEA45B0}.Development|Any CPU.ActiveCfg = Development|Any CPU
		{48359736-99B4-4725-8D58-EDEFEFEA45B0}.Development|Any CPU.Build.0 = Development|Any CPU
		{FFE4D94C-D1E0-4ECA-828E-82D221FE8E10}.Release|Any CPU.ActiveCfg = Release|Any CPU
		{FFE4D94C-D1E0-4ECA-828E-82D221FE8E10}.Release|Any CPU.Build.0 = Release|Any CPU
		{FFE4D94C-D1E0-4ECA-828E-82D221FE8E10}.Development|Any CPU.ActiveCfg = Development|Any CPU
		{FFE4D94C-D1E0-4ECA-828E-82D221FE8E10}.Development|Any CPU.Build.0 = Development|Any CPU
		{DC69043E-8381-4660-8127-A3303A35E530}.Release|Any CPU.ActiveCfg = Release|Any CPU
		{DC69043E-8381-4660-8127-A3303A35E530}.Release|Any CPU.Build.0 = Release|Any CPU
		{DC69043E-8381-4660-8127-A3303A35E530}.Development|Any CPU.ActiveCfg = Development|Any CPU
		{DC69043E-8381-4660-8127-A3303A35E530}.Development|Any CPU.Build.0 = Development|Any CPU
	EndGlobalSection
EndGlobal
